
Microsoft Visual Studio Solution File, Format Version 12.00
# Visual Studio 14
VisualStudioVersion = 14.0.24720.0
MinimumVisualStudioVersion = 10.0.40219.1
Project("{FAE04EC0-301F-11D3-BF4B-00C04F79EFBC}") = "EmailTask", "EmailTask\EmailTask.csproj", "{3749E5B5-DF30-48E7-B5C1-8AB02EECF3FD}"
EndProject
Global
	GlobalSection(SolutionConfigurationPlatforms) = preSolution
		Debug|Any CPU = Debug|Any CPU
		Release|Any CPU = Release|Any CPU
	EndGlobalSection
	GlobalSection(ProjectConfigurationPlatforms) = postSolution
		{3749E5B5-DF30-48E7-B5C1-8AB02EECF3FD}.Debug|Any CPU.ActiveCfg = Debug|Any CPU
		{3749E5B5-DF30-48E7-B5C1-8AB02EECF3FD}.Debug|Any CPU.Build.0 = Debug|Any CPU
		{3749E5B5-DF30-48E7-B5C1-8AB02EECF3FD}.Release|Any CPU.ActiveCfg = Release|Any CPU
		{3749E5B5-DF30-48E7-B5C1-8AB02EECF3FD}.Release|Any CPU.Build.0 = Release|Any CPU
	EndGlobalSection
	GlobalSection(SolutionProperties) = preSolution
		HideSolutionNode = FALSE
	EndGlobalSection
EndGlobal
